// !$*UTF8*$!
{
	archiveVersion = 1;
	classes = {
	};
	objectVersion = 56;
	objects = {

/* Begin PBXBuildFile section */
		B21054052B9FAB8C00996914 /* TextFieldView.swift in Sources */ = {isa = PBXBuildFile; fileRef = B21054042B9FAB8C00996914 /* TextFieldView.swift */; };
		B21054092B9FCE1500996914 /* ChoosingDateView.swift in Sources */ = {isa = PBXBuildFile; fileRef = B21054082B9FCE1500996914 /* ChoosingDateView.swift */; };
		B287A7F72BA0D86900971342 /* QuiclyJumpToDateView.swift in Sources */ = {isa = PBXBuildFile; fileRef = B287A7F62BA0D86900971342 /* QuiclyJumpToDateView.swift */; };
		B287A7F92BA0E28000971342 /* View+Size.swift in Sources */ = {isa = PBXBuildFile; fileRef = B287A7F82BA0E28000971342 /* View+Size.swift */; };
		B287A7FB2BA10C7700971342 /* PhotoLibraryNotGrantedView.swift in Sources */ = {isa = PBXBuildFile; fileRef = B287A7FA2BA10C7700971342 /* PhotoLibraryNotGrantedView.swift */; };
		B287A7FF2BA11ED600971342 /* HorizontalPhotoLibraryView.swift in Sources */ = {isa = PBXBuildFile; fileRef = B287A7FE2BA11ED600971342 /* HorizontalPhotoLibraryView.swift */; };
		F6212FBF2AC4C07B00BA2600 /* TimerAppApp.swift in Sources */ = {isa = PBXBuildFile; fileRef = F6212FBE2AC4C07B00BA2600 /* TimerAppApp.swift */; };
		F6212FC32AC4C07E00BA2600 /* Assets.xcassets in Resources */ = {isa = PBXBuildFile; fileRef = F6212FC22AC4C07E00BA2600 /* Assets.xcassets */; };
		F6212FC62AC4C07E00BA2600 /* Preview Assets.xcassets in Resources */ = {isa = PBXBuildFile; fileRef = F6212FC52AC4C07E00BA2600 /* Preview Assets.xcassets */; };
		F6212FD32AC4C3CE00BA2600 /* MainScreenViewModel.swift in Sources */ = {isa = PBXBuildFile; fileRef = F6212FD22AC4C3CE00BA2600 /* MainScreenViewModel.swift */; };
		F6212FDD2AC4CC6E00BA2600 /* SettingsEventTimerViewModel.swift in Sources */ = {isa = PBXBuildFile; fileRef = F6212FDC2AC4CC6E00BA2600 /* SettingsEventTimerViewModel.swift */; };
		F6212FDF2AC5E7D000BA2600 /* Router.swift in Sources */ = {isa = PBXBuildFile; fileRef = F6212FDE2AC5E7D000BA2600 /* Router.swift */; };
		F6212FE12AC5F33600BA2600 /* UserDefaultsManager.swift in Sources */ = {isa = PBXBuildFile; fileRef = F6212FE02AC5F33600BA2600 /* UserDefaultsManager.swift */; };
		F6212FE42AC5F3FC00BA2600 /* EventTimer.swift in Sources */ = {isa = PBXBuildFile; fileRef = F6212FE32AC5F3FC00BA2600 /* EventTimer.swift */; };
		F6212FE72AC5FC5D00BA2600 /* KeyedDecodingContainer+Extension.swift in Sources */ = {isa = PBXBuildFile; fileRef = F6212FE62AC5FC5D00BA2600 /* KeyedDecodingContainer+Extension.swift */; };
		F6212FED2AC6279A00BA2600 /* GeneralTimer.swift in Sources */ = {isa = PBXBuildFile; fileRef = F6212FEC2AC6279A00BA2600 /* GeneralTimer.swift */; };
		F6212FEF2AC8A2A600BA2600 /* WarningView.swift in Sources */ = {isa = PBXBuildFile; fileRef = F6212FEE2AC8A2A600BA2600 /* WarningView.swift */; };
		F6212FF22AC8AD5A00BA2600 /* Design+Font.swift in Sources */ = {isa = PBXBuildFile; fileRef = F6212FF12AC8AD5A00BA2600 /* Design+Font.swift */; };
		F6212FF42AC95C2E00BA2600 /* Design+Color.swift in Sources */ = {isa = PBXBuildFile; fileRef = F6212FF32AC95C2E00BA2600 /* Design+Color.swift */; };
		F6212FF72AC95E8100BA2600 /* Design+Layout.swift in Sources */ = {isa = PBXBuildFile; fileRef = F6212FF62AC95E8100BA2600 /* Design+Layout.swift */; };
		F6212FF92AC9688F00BA2600 /* ColorAsset.xcassets in Resources */ = {isa = PBXBuildFile; fileRef = F6212FF82AC9688F00BA2600 /* ColorAsset.xcassets */; };
		F6212FFD2AC9B70200BA2600 /* Localizable.xcstrings in Resources */ = {isa = PBXBuildFile; fileRef = F6212FFC2AC9B70200BA2600 /* Localizable.xcstrings */; };
		F6212FFF2AC9C69B00BA2600 /* ExpiredView.swift in Sources */ = {isa = PBXBuildFile; fileRef = F6212FFE2AC9C69B00BA2600 /* ExpiredView.swift */; };
		F626F7872B0005C3005743F3 /* NunitoSans-Bold.ttf in Resources */ = {isa = PBXBuildFile; fileRef = F626F7832B0005C3005743F3 /* NunitoSans-Bold.ttf */; };
		F626F7882B0005C3005743F3 /* NunitoSans-Regular.ttf in Resources */ = {isa = PBXBuildFile; fileRef = F626F7842B0005C3005743F3 /* NunitoSans-Regular.ttf */; };
		F626F7892B0005C3005743F3 /* NunitoSans-ExtraBold.ttf in Resources */ = {isa = PBXBuildFile; fileRef = F626F7852B0005C3005743F3 /* NunitoSans-ExtraBold.ttf */; };
		F626F78A2B0005C3005743F3 /* NunitoSans-Black.ttf in Resources */ = {isa = PBXBuildFile; fileRef = F626F7862B0005C3005743F3 /* NunitoSans-Black.ttf */; };
		F626F78C2B0013BB005743F3 /* MainScreenView.swift in Sources */ = {isa = PBXBuildFile; fileRef = F626F78B2B0013BB005743F3 /* MainScreenView.swift */; };
		F626F78E2B003A70005743F3 /* TimerCellView.swift in Sources */ = {isa = PBXBuildFile; fileRef = F626F78D2B003A70005743F3 /* TimerCellView.swift */; };
		F626F7902B01056D005743F3 /* ContextMenuView.swift in Sources */ = {isa = PBXBuildFile; fileRef = F626F78F2B01056D005743F3 /* ContextMenuView.swift */; };
		F6890F7C2ACB5E00008AF97A /* ChangeColorViewModel.swift in Sources */ = {isa = PBXBuildFile; fileRef = F6890F7B2ACB5E00008AF97A /* ChangeColorViewModel.swift */; };
		F6890F7E2ACDF55B008AF97A /* Color+Hex.swift in Sources */ = {isa = PBXBuildFile; fileRef = F6890F7D2ACDF55B008AF97A /* Color+Hex.swift */; };
		F69F7FAB2AD87FBD004F586E /* PhotoManager.swift in Sources */ = {isa = PBXBuildFile; fileRef = F69F7FAA2AD87FBD004F586E /* PhotoManager.swift */; };
		F6E3765F2B02A30E00BE098B /* MainTabbedView.swift in Sources */ = {isa = PBXBuildFile; fileRef = F6E3765E2B02A30E00BE098B /* MainTabbedView.swift */; };
		F6E376612B02D43800BE098B /* ConfigureTimerView.swift in Sources */ = {isa = PBXBuildFile; fileRef = F6E376602B02D43800BE098B /* ConfigureTimerView.swift */; };
/* End PBXBuildFile section */

/* Begin PBXFileReference section */
		B21054042B9FAB8C00996914 /* TextFieldView.swift */ = {isa = PBXFileReference; lastKnownFileType = sourcecode.swift; path = TextFieldView.swift; sourceTree = "<group>"; };
		B21054082B9FCE1500996914 /* ChoosingDateView.swift */ = {isa = PBXFileReference; lastKnownFileType = sourcecode.swift; path = ChoosingDateView.swift; sourceTree = "<group>"; };
		B287A7F62BA0D86900971342 /* QuiclyJumpToDateView.swift */ = {isa = PBXFileReference; lastKnownFileType = sourcecode.swift; path = QuiclyJumpToDateView.swift; sourceTree = "<group>"; };
		B287A7F82BA0E28000971342 /* View+Size.swift */ = {isa = PBXFileReference; lastKnownFileType = sourcecode.swift; path = "View+Size.swift"; sourceTree = "<group>"; };
		B287A7FA2BA10C7700971342 /* PhotoLibraryNotGrantedView.swift */ = {isa = PBXFileReference; lastKnownFileType = sourcecode.swift; path = PhotoLibraryNotGrantedView.swift; sourceTree = "<group>"; };
		B287A7FE2BA11ED600971342 /* HorizontalPhotoLibraryView.swift */ = {isa = PBXFileReference; lastKnownFileType = sourcecode.swift; path = HorizontalPhotoLibraryView.swift; sourceTree = "<group>"; };
		F6212FBB2AC4C07B00BA2600 /* TimerApp.app */ = {isa = PBXFileReference; explicitFileType = wrapper.application; includeInIndex = 0; path = TimerApp.app; sourceTree = BUILT_PRODUCTS_DIR; };
		F6212FBE2AC4C07B00BA2600 /* TimerAppApp.swift */ = {isa = PBXFileReference; lastKnownFileType = sourcecode.swift; path = TimerAppApp.swift; sourceTree = "<group>"; };
		F6212FC22AC4C07E00BA2600 /* Assets.xcassets */ = {isa = PBXFileReference; lastKnownFileType = folder.assetcatalog; path = Assets.xcassets; sourceTree = "<group>"; };
		F6212FC52AC4C07E00BA2600 /* Preview Assets.xcassets */ = {isa = PBXFileReference; lastKnownFileType = folder.assetcatalog; path = "Preview Assets.xcassets"; sourceTree = "<group>"; };
		F6212FD22AC4C3CE00BA2600 /* MainScreenViewModel.swift */ = {isa = PBXFileReference; lastKnownFileType = sourcecode.swift; path = MainScreenViewModel.swift; sourceTree = "<group>"; };
		F6212FDC2AC4CC6E00BA2600 /* SettingsEventTimerViewModel.swift */ = {isa = PBXFileReference; lastKnownFileType = sourcecode.swift; path = SettingsEventTimerViewModel.swift; sourceTree = "<group>"; };
		F6212FDE2AC5E7D000BA2600 /* Router.swift */ = {isa = PBXFileReference; lastKnownFileType = sourcecode.swift; path = Router.swift; sourceTree = "<group>"; };
		F6212FE02AC5F33600BA2600 /* UserDefaultsManager.swift */ = {isa = PBXFileReference; lastKnownFileType = sourcecode.swift; path = UserDefaultsManager.swift; sourceTree = "<group>"; };
		F6212FE32AC5F3FC00BA2600 /* EventTimer.swift */ = {isa = PBXFileReference; lastKnownFileType = sourcecode.swift; path = EventTimer.swift; sourceTree = "<group>"; };
		F6212FE62AC5FC5D00BA2600 /* KeyedDecodingContainer+Extension.swift */ = {isa = PBXFileReference; lastKnownFileType = sourcecode.swift; path = "KeyedDecodingContainer+Extension.swift"; sourceTree = "<group>"; };
		F6212FEC2AC6279A00BA2600 /* GeneralTimer.swift */ = {isa = PBXFileReference; lastKnownFileType = sourcecode.swift; path = GeneralTimer.swift; sourceTree = "<group>"; };
		F6212FEE2AC8A2A600BA2600 /* WarningView.swift */ = {isa = PBXFileReference; lastKnownFileType = sourcecode.swift; path = WarningView.swift; sourceTree = "<group>"; };
		F6212FF12AC8AD5A00BA2600 /* Design+Font.swift */ = {isa = PBXFileReference; lastKnownFileType = sourcecode.swift; path = "Design+Font.swift"; sourceTree = "<group>"; };
		F6212FF32AC95C2E00BA2600 /* Design+Color.swift */ = {isa = PBXFileReference; lastKnownFileType = sourcecode.swift; path = "Design+Color.swift"; sourceTree = "<group>"; };
		F6212FF62AC95E8100BA2600 /* Design+Layout.swift */ = {isa = PBXFileReference; lastKnownFileType = sourcecode.swift; path = "Design+Layout.swift"; sourceTree = "<group>"; };
		F6212FF82AC9688F00BA2600 /* ColorAsset.xcassets */ = {isa = PBXFileReference; lastKnownFileType = folder.assetcatalog; path = ColorAsset.xcassets; sourceTree = "<group>"; };
		F6212FFC2AC9B70200BA2600 /* Localizable.xcstrings */ = {isa = PBXFileReference; lastKnownFileType = text.json.xcstrings; path = Localizable.xcstrings; sourceTree = "<group>"; };
		F6212FFE2AC9C69B00BA2600 /* ExpiredView.swift */ = {isa = PBXFileReference; lastKnownFileType = sourcecode.swift; path = ExpiredView.swift; sourceTree = "<group>"; };
		F626F77B2B000310005743F3 /* Info.plist */ = {isa = PBXFileReference; lastKnownFileType = text.plist.xml; path = Info.plist; sourceTree = "<group>"; };
		F626F7832B0005C3005743F3 /* NunitoSans-Bold.ttf */ = {isa = PBXFileReference; lastKnownFileType = file; path = "NunitoSans-Bold.ttf"; sourceTree = "<group>"; };
		F626F7842B0005C3005743F3 /* NunitoSans-Regular.ttf */ = {isa = PBXFileReference; lastKnownFileType = file; path = "NunitoSans-Regular.ttf"; sourceTree = "<group>"; };
		F626F7852B0005C3005743F3 /* NunitoSans-ExtraBold.ttf */ = {isa = PBXFileReference; lastKnownFileType = file; path = "NunitoSans-ExtraBold.ttf"; sourceTree = "<group>"; };
		F626F7862B0005C3005743F3 /* NunitoSans-Black.ttf */ = {isa = PBXFileReference; lastKnownFileType = file; path = "NunitoSans-Black.ttf"; sourceTree = "<group>"; };
		F626F78B2B0013BB005743F3 /* MainScreenView.swift */ = {isa = PBXFileReference; lastKnownFileType = sourcecode.swift; path = MainScreenView.swift; sourceTree = "<group>"; };
		F626F78D2B003A70005743F3 /* TimerCellView.swift */ = {isa = PBXFileReference; lastKnownFileType = sourcecode.swift; path = TimerCellView.swift; sourceTree = "<group>"; };
		F626F78F2B01056D005743F3 /* ContextMenuView.swift */ = {isa = PBXFileReference; lastKnownFileType = sourcecode.swift; path = ContextMenuView.swift; sourceTree = "<group>"; };
		F6890F7B2ACB5E00008AF97A /* ChangeColorViewModel.swift */ = {isa = PBXFileReference; lastKnownFileType = sourcecode.swift; path = ChangeColorViewModel.swift; sourceTree = "<group>"; };
		F6890F7D2ACDF55B008AF97A /* Color+Hex.swift */ = {isa = PBXFileReference; lastKnownFileType = sourcecode.swift; path = "Color+Hex.swift"; sourceTree = "<group>"; };
		F69F7FAA2AD87FBD004F586E /* PhotoManager.swift */ = {isa = PBXFileReference; lastKnownFileType = sourcecode.swift; path = PhotoManager.swift; sourceTree = "<group>"; };
		F6E3765E2B02A30E00BE098B /* MainTabbedView.swift */ = {isa = PBXFileReference; lastKnownFileType = sourcecode.swift; path = MainTabbedView.swift; sourceTree = "<group>"; };
		F6E376602B02D43800BE098B /* ConfigureTimerView.swift */ = {isa = PBXFileReference; lastKnownFileType = sourcecode.swift; path = ConfigureTimerView.swift; sourceTree = "<group>"; };
/* End PBXFileReference section */

/* Begin PBXFrameworksBuildPhase section */
		F6212FB82AC4C07B00BA2600 /* Frameworks */ = {
			isa = PBXFrameworksBuildPhase;
			buildActionMask = 2147483647;
			files = (
			);
			runOnlyForDeploymentPostprocessing = 0;
		};
/* End PBXFrameworksBuildPhase section */

/* Begin PBXGroup section */
		B21054032B9FAB5B00996914 /* UI Components */ = {
			isa = PBXGroup;
			children = (
				B21054042B9FAB8C00996914 /* TextFieldView.swift */,
				B287A7FE2BA11ED600971342 /* HorizontalPhotoLibraryView.swift */,
			);
			path = "UI Components";
			sourceTree = "<group>";
		};
		F6212FB22AC4C07B00BA2600 = {
			isa = PBXGroup;
			children = (
				F6212FBD2AC4C07B00BA2600 /* TimerApp */,
				F6212FBC2AC4C07B00BA2600 /* Products */,
			);
			sourceTree = "<group>";
		};
		F6212FBC2AC4C07B00BA2600 /* Products */ = {
			isa = PBXGroup;
			children = (
				F6212FBB2AC4C07B00BA2600 /* TimerApp.app */,
			);
			name = Products;
			sourceTree = "<group>";
		};
		F6212FBD2AC4C07B00BA2600 /* TimerApp */ = {
			isa = PBXGroup;
			children = (
				F626F77B2B000310005743F3 /* Info.plist */,
				B21054032B9FAB5B00996914 /* UI Components */,
				F69F7FA92AD87FA1004F586E /* Managers */,
				F6212FF02AC8AD4900BA2600 /* Resource */,
				F6212FE52AC5FC3D00BA2600 /* Extensions */,
				F6212FE22AC5F3EB00BA2600 /* Models */,
				F6212FCC2AC4C29000BA2600 /* Modules */,
				F6212FBE2AC4C07B00BA2600 /* TimerAppApp.swift */,
				F6212FC42AC4C07E00BA2600 /* Preview Content */,
				F6212FEC2AC6279A00BA2600 /* GeneralTimer.swift */,
			);
			path = TimerApp;
			sourceTree = "<group>";
		};
		F6212FC42AC4C07E00BA2600 /* Preview Content */ = {
			isa = PBXGroup;
			children = (
				F6212FC52AC4C07E00BA2600 /* Preview Assets.xcassets */,
			);
			path = "Preview Content";
			sourceTree = "<group>";
		};
		F6212FCC2AC4C29000BA2600 /* Modules */ = {
			isa = PBXGroup;
			children = (
				F6E3765D2B02A2E500BE098B /* MainTabbar */,
				F6212FD82AC4CC3300BA2600 /* ConfigureTimer */,
				F6212FCD2AC4C2A900BA2600 /* ManeScreen */,
				F6212FDE2AC5E7D000BA2600 /* Router.swift */,
			);
			path = Modules;
			sourceTree = "<group>";
		};
		F6212FCD2AC4C2A900BA2600 /* ManeScreen */ = {
			isa = PBXGroup;
			children = (
				F6212FD42AC4C77400BA2600 /* Views */,
				F6212FD22AC4C3CE00BA2600 /* MainScreenViewModel.swift */,
				F626F78B2B0013BB005743F3 /* MainScreenView.swift */,
			);
			path = ManeScreen;
			sourceTree = "<group>";
		};
		F6212FD42AC4C77400BA2600 /* Views */ = {
			isa = PBXGroup;
			children = (
				F6212FEE2AC8A2A600BA2600 /* WarningView.swift */,
				F6212FFE2AC9C69B00BA2600 /* ExpiredView.swift */,
				F626F78D2B003A70005743F3 /* TimerCellView.swift */,
				F626F78F2B01056D005743F3 /* ContextMenuView.swift */,
			);
			path = Views;
			sourceTree = "<group>";
		};
		F6212FD82AC4CC3300BA2600 /* ConfigureTimer */ = {
			isa = PBXGroup;
			children = (
				F6212FD92AC4CC4500BA2600 /* Views */,
				F6E376602B02D43800BE098B /* ConfigureTimerView.swift */,
				F6212FDC2AC4CC6E00BA2600 /* SettingsEventTimerViewModel.swift */,
			);
			path = ConfigureTimer;
			sourceTree = "<group>";
		};
		F6212FD92AC4CC4500BA2600 /* Views */ = {
			isa = PBXGroup;
			children = (
				F6890F7B2ACB5E00008AF97A /* ChangeColorViewModel.swift */,
				B21054082B9FCE1500996914 /* ChoosingDateView.swift */,
				B287A7F62BA0D86900971342 /* QuiclyJumpToDateView.swift */,
				B287A7FA2BA10C7700971342 /* PhotoLibraryNotGrantedView.swift */,
			);
			path = Views;
			sourceTree = "<group>";
		};
		F6212FE22AC5F3EB00BA2600 /* Models */ = {
			isa = PBXGroup;
			children = (
				F6212FE32AC5F3FC00BA2600 /* EventTimer.swift */,
			);
			path = Models;
			sourceTree = "<group>";
		};
		F6212FE52AC5FC3D00BA2600 /* Extensions */ = {
			isa = PBXGroup;
			children = (
				F6212FE62AC5FC5D00BA2600 /* KeyedDecodingContainer+Extension.swift */,
				F6890F7D2ACDF55B008AF97A /* Color+Hex.swift */,
				B287A7F82BA0E28000971342 /* View+Size.swift */,
			);
			path = Extensions;
			sourceTree = "<group>";
		};
		F6212FF02AC8AD4900BA2600 /* Resource */ = {
			isa = PBXGroup;
			children = (
				F626F77C2B000321005743F3 /* Fonts */,
				F6212FF82AC9688F00BA2600 /* ColorAsset.xcassets */,
				F6212FC22AC4C07E00BA2600 /* Assets.xcassets */,
				F6212FF52AC95E5F00BA2600 /* DesignSystem */,
				F6212FFC2AC9B70200BA2600 /* Localizable.xcstrings */,
			);
			path = Resource;
			sourceTree = "<group>";
		};
		F6212FF52AC95E5F00BA2600 /* DesignSystem */ = {
			isa = PBXGroup;
			children = (
				F6212FF12AC8AD5A00BA2600 /* Design+Font.swift */,
				F6212FF32AC95C2E00BA2600 /* Design+Color.swift */,
				F6212FF62AC95E8100BA2600 /* Design+Layout.swift */,
			);
			path = DesignSystem;
			sourceTree = "<group>";
		};
		F626F77C2B000321005743F3 /* Fonts */ = {
			isa = PBXGroup;
			children = (
				F626F7862B0005C3005743F3 /* NunitoSans-Black.ttf */,
				F626F7832B0005C3005743F3 /* NunitoSans-Bold.ttf */,
				F626F7852B0005C3005743F3 /* NunitoSans-ExtraBold.ttf */,
				F626F7842B0005C3005743F3 /* NunitoSans-Regular.ttf */,
			);
			path = Fonts;
			sourceTree = "<group>";
		};
		F69F7FA92AD87FA1004F586E /* Managers */ = {
			isa = PBXGroup;
			children = (
				F6212FE02AC5F33600BA2600 /* UserDefaultsManager.swift */,
				F69F7FAA2AD87FBD004F586E /* PhotoManager.swift */,
			);
			path = Managers;
			sourceTree = "<group>";
		};
		F6E3765D2B02A2E500BE098B /* MainTabbar */ = {
			isa = PBXGroup;
			children = (
				F6E3765E2B02A30E00BE098B /* MainTabbedView.swift */,
			);
			path = MainTabbar;
			sourceTree = "<group>";
		};
/* End PBXGroup section */

/* Begin PBXNativeTarget section */
		F6212FBA2AC4C07B00BA2600 /* TimerApp */ = {
			isa = PBXNativeTarget;
			buildConfigurationList = F6212FC92AC4C07E00BA2600 /* Build configuration list for PBXNativeTarget "TimerApp" */;
			buildPhases = (
				F6212FB72AC4C07B00BA2600 /* Sources */,
				F6212FB82AC4C07B00BA2600 /* Frameworks */,
				F6212FB92AC4C07B00BA2600 /* Resources */,
			);
			buildRules = (
			);
			dependencies = (
			);
			name = TimerApp;
			productName = TimerApp;
			productReference = F6212FBB2AC4C07B00BA2600 /* TimerApp.app */;
			productType = "com.apple.product-type.application";
		};
/* End PBXNativeTarget section */

/* Begin PBXProject section */
		F6212FB32AC4C07B00BA2600 /* Project object */ = {
			isa = PBXProject;
			attributes = {
				BuildIndependentTargetsInParallel = 1;
				LastSwiftUpdateCheck = 1500;
				LastUpgradeCheck = 1500;
				TargetAttributes = {
					F6212FBA2AC4C07B00BA2600 = {
						CreatedOnToolsVersion = 15.0;
					};
				};
			};
			buildConfigurationList = F6212FB62AC4C07B00BA2600 /* Build configuration list for PBXProject "TimerApp" */;
			compatibilityVersion = "Xcode 14.0";
			developmentRegion = en;
			hasScannedForEncodings = 0;
			knownRegions = (
				en,
				Base,
				ru,
			);
			mainGroup = F6212FB22AC4C07B00BA2600;
			productRefGroup = F6212FBC2AC4C07B00BA2600 /* Products */;
			projectDirPath = "";
			projectRoot = "";
			targets = (
				F6212FBA2AC4C07B00BA2600 /* TimerApp */,
			);
		};
/* End PBXProject section */

/* Begin PBXResourcesBuildPhase section */
		F6212FB92AC4C07B00BA2600 /* Resources */ = {
			isa = PBXResourcesBuildPhase;
			buildActionMask = 2147483647;
			files = (
				F6212FF92AC9688F00BA2600 /* ColorAsset.xcassets in Resources */,
				F626F7882B0005C3005743F3 /* NunitoSans-Regular.ttf in Resources */,
				F6212FC62AC4C07E00BA2600 /* Preview Assets.xcassets in Resources */,
				F6212FFD2AC9B70200BA2600 /* Localizable.xcstrings in Resources */,
				F626F78A2B0005C3005743F3 /* NunitoSans-Black.ttf in Resources */,
				F626F7872B0005C3005743F3 /* NunitoSans-Bold.ttf in Resources */,
				F626F7892B0005C3005743F3 /* NunitoSans-ExtraBold.ttf in Resources */,
				F6212FC32AC4C07E00BA2600 /* Assets.xcassets in Resources */,
			);
			runOnlyForDeploymentPostprocessing = 0;
		};
/* End PBXResourcesBuildPhase section */

/* Begin PBXSourcesBuildPhase section */
		F6212FB72AC4C07B00BA2600 /* Sources */ = {
			isa = PBXSourcesBuildPhase;
			buildActionMask = 2147483647;
			files = (
				F626F7902B01056D005743F3 /* ContextMenuView.swift in Sources */,
				F6212FD32AC4C3CE00BA2600 /* MainScreenViewModel.swift in Sources */,
				F6212FF42AC95C2E00BA2600 /* Design+Color.swift in Sources */,
				F6E3765F2B02A30E00BE098B /* MainTabbedView.swift in Sources */,
				F6212FF72AC95E8100BA2600 /* Design+Layout.swift in Sources */,
				F6212FDD2AC4CC6E00BA2600 /* SettingsEventTimerViewModel.swift in Sources */,
				B21054052B9FAB8C00996914 /* TextFieldView.swift in Sources */,
				F6212FF22AC8AD5A00BA2600 /* Design+Font.swift in Sources */,
				F6E376612B02D43800BE098B /* ConfigureTimerView.swift in Sources */,
				B287A7F72BA0D86900971342 /* QuiclyJumpToDateView.swift in Sources */,
				F626F78C2B0013BB005743F3 /* MainScreenView.swift in Sources */,
				F6890F7E2ACDF55B008AF97A /* Color+Hex.swift in Sources */,
				F6212FE12AC5F33600BA2600 /* UserDefaultsManager.swift in Sources */,
				F69F7FAB2AD87FBD004F586E /* PhotoManager.swift in Sources */,
				F6212FED2AC6279A00BA2600 /* GeneralTimer.swift in Sources */,
				F6212FFF2AC9C69B00BA2600 /* ExpiredView.swift in Sources */,
				F6890F7C2ACB5E00008AF97A /* ChangeColorViewModel.swift in Sources */,
				F6212FEF2AC8A2A600BA2600 /* WarningView.swift in Sources */,
				F6212FDF2AC5E7D000BA2600 /* Router.swift in Sources */,
				F626F78E2B003A70005743F3 /* TimerCellView.swift in Sources */,
				F6212FE72AC5FC5D00BA2600 /* KeyedDecodingContainer+Extension.swift in Sources */,
				B21054092B9FCE1500996914 /* ChoosingDateView.swift in Sources */,
				F6212FBF2AC4C07B00BA2600 /* TimerAppApp.swift in Sources */,
				F6212FE42AC5F3FC00BA2600 /* EventTimer.swift in Sources */,
				B287A7FF2BA11ED600971342 /* HorizontalPhotoLibraryView.swift in Sources */,
				B287A7FB2BA10C7700971342 /* PhotoLibraryNotGrantedView.swift in Sources */,
				B287A7F92BA0E28000971342 /* View+Size.swift in Sources */,
			);
			runOnlyForDeploymentPostprocessing = 0;
		};
/* End PBXSourcesBuildPhase section */

/* Begin XCBuildConfiguration section */
		F6212FC72AC4C07E00BA2600 /* Debug */ = {
			isa = XCBuildConfiguration;
			buildSettings = {
				ALWAYS_SEARCH_USER_PATHS = NO;
				ASSETCATALOG_COMPILER_GENERATE_SWIFT_ASSET_SYMBOL_EXTENSIONS = YES;
				CLANG_ANALYZER_NONNULL = YES;
				CLANG_ANALYZER_NUMBER_OBJECT_CONVERSION = YES_AGGRESSIVE;
				CLANG_CXX_LANGUAGE_STANDARD = "gnu++20";
				CLANG_ENABLE_MODULES = YES;
				CLANG_ENABLE_OBJC_ARC = YES;
				CLANG_ENABLE_OBJC_WEAK = YES;
				CLANG_WARN_BLOCK_CAPTURE_AUTORELEASING = YES;
				CLANG_WARN_BOOL_CONVERSION = YES;
				CLANG_WARN_COMMA = YES;
				CLANG_WARN_CONSTANT_CONVERSION = YES;
				CLANG_WARN_DEPRECATED_OBJC_IMPLEMENTATIONS = YES;
				CLANG_WARN_DIRECT_OBJC_ISA_USAGE = YES_ERROR;
				CLANG_WARN_DOCUMENTATION_COMMENTS = YES;
				CLANG_WARN_EMPTY_BODY = YES;
				CLANG_WARN_ENUM_CONVERSION = YES;
				CLANG_WARN_INFINITE_RECURSION = YES;
				CLANG_WARN_INT_CONVERSION = YES;
				CLANG_WARN_NON_LITERAL_NULL_CONVERSION = YES;
				CLANG_WARN_OBJC_IMPLICIT_RETAIN_SELF = YES;
				CLANG_WARN_OBJC_LITERAL_CONVERSION = YES;
				CLANG_WARN_OBJC_ROOT_CLASS = YES_ERROR;
				CLANG_WARN_QUOTED_INCLUDE_IN_FRAMEWORK_HEADER = YES;
				CLANG_WARN_RANGE_LOOP_ANALYSIS = YES;
				CLANG_WARN_STRICT_PROTOTYPES = YES;
				CLANG_WARN_SUSPICIOUS_MOVE = YES;
				CLANG_WARN_UNGUARDED_AVAILABILITY = YES_AGGRESSIVE;
				CLANG_WARN_UNREACHABLE_CODE = YES;
				CLANG_WARN__DUPLICATE_METHOD_MATCH = YES;
				COPY_PHASE_STRIP = NO;
				DEBUG_INFORMATION_FORMAT = dwarf;
				ENABLE_STRICT_OBJC_MSGSEND = YES;
				ENABLE_TESTABILITY = YES;
				ENABLE_USER_SCRIPT_SANDBOXING = YES;
				GCC_C_LANGUAGE_STANDARD = gnu17;
				GCC_DYNAMIC_NO_PIC = NO;
				GCC_NO_COMMON_BLOCKS = YES;
				GCC_OPTIMIZATION_LEVEL = 0;
				GCC_PREPROCESSOR_DEFINITIONS = (
					"DEBUG=1",
					"$(inherited)",
				);
				GCC_WARN_64_TO_32_BIT_CONVERSION = YES;
				GCC_WARN_ABOUT_RETURN_TYPE = YES_ERROR;
				GCC_WARN_UNDECLARED_SELECTOR = YES;
				GCC_WARN_UNINITIALIZED_AUTOS = YES_AGGRESSIVE;
				GCC_WARN_UNUSED_FUNCTION = YES;
				GCC_WARN_UNUSED_VARIABLE = YES;
				IPHONEOS_DEPLOYMENT_TARGET = 16.0;
				LOCALIZATION_PREFERS_STRING_CATALOGS = YES;
				MTL_ENABLE_DEBUG_INFO = INCLUDE_SOURCE;
				MTL_FAST_MATH = YES;
				ONLY_ACTIVE_ARCH = YES;
				SDKROOT = iphoneos;
				SWIFT_ACTIVE_COMPILATION_CONDITIONS = "DEBUG $(inherited)";
				SWIFT_OPTIMIZATION_LEVEL = "-Onone";
			};
			name = Debug;
		};
		F6212FC82AC4C07E00BA2600 /* Release */ = {
			isa = XCBuildConfiguration;
			buildSettings = {
				ALWAYS_SEARCH_USER_PATHS = NO;
				ASSETCATALOG_COMPILER_GENERATE_SWIFT_ASSET_SYMBOL_EXTENSIONS = YES;
				CLANG_ANALYZER_NONNULL = YES;
				CLANG_ANALYZER_NUMBER_OBJECT_CONVERSION = YES_AGGRESSIVE;
				CLANG_CXX_LANGUAGE_STANDARD = "gnu++20";
				CLANG_ENABLE_MODULES = YES;
				CLANG_ENABLE_OBJC_ARC = YES;
				CLANG_ENABLE_OBJC_WEAK = YES;
				CLANG_WARN_BLOCK_CAPTURE_AUTORELEASING = YES;
				CLANG_WARN_BOOL_CONVERSION = YES;
				CLANG_WARN_COMMA = YES;
				CLANG_WARN_CONSTANT_CONVERSION = YES;
				CLANG_WARN_DEPRECATED_OBJC_IMPLEMENTATIONS = YES;
				CLANG_WARN_DIRECT_OBJC_ISA_USAGE = YES_ERROR;
				CLANG_WARN_DOCUMENTATION_COMMENTS = YES;
				CLANG_WARN_EMPTY_BODY = YES;
				CLANG_WARN_ENUM_CONVERSION = YES;
				CLANG_WARN_INFINITE_RECURSION = YES;
				CLANG_WARN_INT_CONVERSION = YES;
				CLANG_WARN_NON_LITERAL_NULL_CONVERSION = YES;
				CLANG_WARN_OBJC_IMPLICIT_RETAIN_SELF = YES;
				CLANG_WARN_OBJC_LITERAL_CONVERSION = YES;
				CLANG_WARN_OBJC_ROOT_CLASS = YES_ERROR;
				CLANG_WARN_QUOTED_INCLUDE_IN_FRAMEWORK_HEADER = YES;
				CLANG_WARN_RANGE_LOOP_ANALYSIS = YES;
				CLANG_WARN_STRICT_PROTOTYPES = YES;
				CLANG_WARN_SUSPICIOUS_MOVE = YES;
				CLANG_WARN_UNGUARDED_AVAILABILITY = YES_AGGRESSIVE;
				CLANG_WARN_UNREACHABLE_CODE = YES;
				CLANG_WARN__DUPLICATE_METHOD_MATCH = YES;
				COPY_PHASE_STRIP = NO;
				DEBUG_INFORMATION_FORMAT = "dwarf-with-dsym";
				ENABLE_NS_ASSERTIONS = NO;
				ENABLE_STRICT_OBJC_MSGSEND = YES;
				ENABLE_USER_SCRIPT_SANDBOXING = YES;
				GCC_C_LANGUAGE_STANDARD = gnu17;
				GCC_NO_COMMON_BLOCKS = YES;
				GCC_WARN_64_TO_32_BIT_CONVERSION = YES;
				GCC_WARN_ABOUT_RETURN_TYPE = YES_ERROR;
				GCC_WARN_UNDECLARED_SELECTOR = YES;
				GCC_WARN_UNINITIALIZED_AUTOS = YES_AGGRESSIVE;
				GCC_WARN_UNUSED_FUNCTION = YES;
				GCC_WARN_UNUSED_VARIABLE = YES;
				IPHONEOS_DEPLOYMENT_TARGET = 16.0;
				LOCALIZATION_PREFERS_STRING_CATALOGS = YES;
				MTL_ENABLE_DEBUG_INFO = NO;
				MTL_FAST_MATH = YES;
				SDKROOT = iphoneos;
				SWIFT_COMPILATION_MODE = wholemodule;
				VALIDATE_PRODUCT = YES;
			};
			name = Release;
		};
		F6212FCA2AC4C07E00BA2600 /* Debug */ = {
			isa = XCBuildConfiguration;
			buildSettings = {
				ASSETCATALOG_COMPILER_APPICON_NAME = AppIcon;
				ASSETCATALOG_COMPILER_GLOBAL_ACCENT_COLOR_NAME = AccentColor;
				CODE_SIGN_IDENTITY = "Apple Development";
				CODE_SIGN_STYLE = Automatic;
				CURRENT_PROJECT_VERSION = 2;
				DEVELOPMENT_ASSET_PATHS = "\"TimerApp/Preview Content\"";
				DEVELOPMENT_TEAM = J2Y63DX36C;
				ENABLE_PREVIEWS = YES;
				GENERATE_INFOPLIST_FILE = YES;
				INFOPLIST_FILE = TimerApp/Info.plist;
				INFOPLIST_KEY_NSPhotoLibraryUsageDescription = "This app requires access to the photo library.";
				INFOPLIST_KEY_UIApplicationSceneManifest_Generation = YES;
				INFOPLIST_KEY_UIApplicationSupportsIndirectInputEvents = YES;
				INFOPLIST_KEY_UILaunchScreen_Generation = YES;
				INFOPLIST_KEY_UIStatusBarStyle = "";
				INFOPLIST_KEY_UISupportedInterfaceOrientations_iPad = "UIInterfaceOrientationPortrait UIInterfaceOrientationPortraitUpsideDown UIInterfaceOrientationLandscapeLeft UIInterfaceOrientationLandscapeRight";
				INFOPLIST_KEY_UISupportedInterfaceOrientations_iPhone = "UIInterfaceOrientationPortrait UIInterfaceOrientationLandscapeLeft UIInterfaceOrientationLandscapeRight";
				IPHONEOS_DEPLOYMENT_TARGET = 16.0;
				LD_RUNPATH_SEARCH_PATHS = (
					"$(inherited)",
					"@executable_path/Frameworks",
				);
				MARKETING_VERSION = 1.0;
				PRODUCT_BUNDLE_IDENTIFIER = com.proha.TimerApp;
				PRODUCT_NAME = "$(TARGET_NAME)";
				PROVISIONING_PROFILE_SPECIFIER = "";
				SWIFT_EMIT_LOC_STRINGS = YES;
				SWIFT_VERSION = 5.0;
				TARGETED_DEVICE_FAMILY = "1,2";
			};
			name = Debug;
		};
		F6212FCB2AC4C07E00BA2600 /* Release */ = {
			isa = XCBuildConfiguration;
			buildSettings = {
				ASSETCATALOG_COMPILER_APPICON_NAME = AppIcon;
				ASSETCATALOG_COMPILER_GLOBAL_ACCENT_COLOR_NAME = AccentColor;
				CODE_SIGN_IDENTITY = "Apple Development";
				"CODE_SIGN_IDENTITY[sdk=iphoneos*]" = "iPhone Distribution";
				CODE_SIGN_STYLE = Manual;
				CURRENT_PROJECT_VERSION = 2;
				DEVELOPMENT_ASSET_PATHS = "\"TimerApp/Preview Content\"";
				DEVELOPMENT_TEAM = "";
				"DEVELOPMENT_TEAM[sdk=iphoneos*]" = J2Y63DX36C;
				ENABLE_PREVIEWS = YES;
				GENERATE_INFOPLIST_FILE = YES;
				INFOPLIST_FILE = TimerApp/Info.plist;
				INFOPLIST_KEY_NSPhotoLibraryUsageDescription = "This app requires access to the photo library.";
				INFOPLIST_KEY_UIApplicationSceneManifest_Generation = YES;
				INFOPLIST_KEY_UIApplicationSupportsIndirectInputEvents = YES;
				INFOPLIST_KEY_UILaunchScreen_Generation = YES;
				INFOPLIST_KEY_UIStatusBarStyle = "";
				INFOPLIST_KEY_UISupportedInterfaceOrientations_iPad = "UIInterfaceOrientationPortrait UIInterfaceOrientationPortraitUpsideDown UIInterfaceOrientationLandscapeLeft UIInterfaceOrientationLandscapeRight";
				INFOPLIST_KEY_UISupportedInterfaceOrientations_iPhone = "UIInterfaceOrientationPortrait UIInterfaceOrientationLandscapeLeft UIInterfaceOrientationLandscapeRight";
				IPHONEOS_DEPLOYMENT_TARGET = 16.0;
				LD_RUNPATH_SEARCH_PATHS = (
					"$(inherited)",
					"@executable_path/Frameworks",
				);
				MARKETING_VERSION = 1.0;
				PRODUCT_BUNDLE_IDENTIFIER = com.proha.TimerApp;
				PRODUCT_NAME = "$(TARGET_NAME)";
				PROVISIONING_PROFILE_SPECIFIER = "";
				"PROVISIONING_PROFILE_SPECIFIER[sdk=iphoneos*]" = Distribution;
				SWIFT_EMIT_LOC_STRINGS = YES;
				SWIFT_VERSION = 5.0;
				TARGETED_DEVICE_FAMILY = "1,2";
			};
			name = Release;
		};
/* End XCBuildConfiguration section */

/* Begin XCConfigurationList section */
		F6212FB62AC4C07B00BA2600 /* Build configuration list for PBXProject "TimerApp" */ = {
			isa = XCConfigurationList;
			buildConfigurations = (
				F6212FC72AC4C07E00BA2600 /* Debug */,
				F6212FC82AC4C07E00BA2600 /* Release */,
			);
			defaultConfigurationIsVisible = 0;
			defaultConfigurationName = Release;
		};
		F6212FC92AC4C07E00BA2600 /* Build configuration list for PBXNativeTarget "TimerApp" */ = {
			isa = XCConfigurationList;
			buildConfigurations = (
				F6212FCA2AC4C07E00BA2600 /* Debug */,
				F6212FCB2AC4C07E00BA2600 /* Release */,
			);
			defaultConfigurationIsVisible = 0;
			defaultConfigurationName = Release;
		};
/* End XCConfigurationList section */
	};
	rootObject = F6212FB32AC4C07B00BA2600 /* Project object */;
}
